Microsoft Visual Studio Solution File, Format Version 11.00
# Visual Studio 2008

Project("{7136C526-ACD9-734C-63BE-FFF15E8A6D83}") = "WekinatorUnityProject", "Assembly-CSharp-firstpass-vs.csproj", "{C900C7AF-8685-D91D-9780-D62A5CC2B634}"
EndProject
Project("{7136C526-ACD9-734C-63BE-FFF15E8A6D83}") = "WekinatorUnityProject", "Assembly-CSharp-vs.csproj", "{18F67DD5-4A24-8C2B-98D0-36F13D962629}"
EndProject
Global
	GlobalSection(SolutionConfigurationPlatforms) = preSolution
		Debug|Any CPU = Debug|Any CPU
		Release|Any CPU = Release|Any CPU
	EndGlobalSection
	GlobalSection(ProjectConfigurationPlatforms) = postSolution
		{C900C7AF-8685-D91D-9780-D62A5CC2B634}.Debug|Any CPU.ActiveCfg = Debug|Any CPU
		{C900C7AF-8685-D91D-9780-D62A5CC2B634}.Debug|Any CPU.Build.0 = Debug|Any CPU
		{C900C7AF-8685-D91D-9780-D62A5CC2B634}.Release|Any CPU.ActiveCfg = Release|Any CPU
		{C900C7AF-8685-D91D-9780-D62A5CC2B634}.Release|Any CPU.Build.0 = Release|Any CPU
		{18F67DD5-4A24-8C2B-98D0-36F13D962629}.Debug|Any CPU.ActiveCfg = Debug|Any CPU
		{18F67DD5-4A24-8C2B-98D0-36F13D962629}.Debug|Any CPU.Build.0 = Debug|Any CPU
		{18F67DD5-4A24-8C2B-98D0-36F13D962629}.Release|Any CPU.ActiveCfg = Release|Any CPU
		{18F67DD5-4A24-8C2B-98D0-36F13D962629}.Release|Any CPU.Build.0 = Release|Any CPU
	EndGlobalSection
	GlobalSection(SolutionProperties) = preSolution
		HideSolutionNode = FALSE
	EndGlobalSection
								GlobalSection(MonoDevelopProperties) = preSolution
		StartupItem = Assembly-CSharp.csproj
		Policies = $0
		$0.TextStylePolicy = $1
		$1.inheritsSet = null
		$1.scope = text/x-csharp
		$0.CSharpFormattingPolicy = $2
		$2.inheritsSet = Mono
		$2.inheritsScope = text/x-csharp
		$2.scope = text/x-csharp
		$0.TextStylePolicy = $3
		$3.FileWidth = 120
		$3.TabWidth = 4
		$3.IndentWidth = 4
		$3.EolMarker = Unix
		$3.inheritsSet = Mono
		$3.inheritsScope = text/plain
		$3.scope = text/plain
	EndGlobalSection

EndGlobal
