// !$*UTF8*$!
{
	archiveVersion = 1;
	classes = {
	};
	objectVersion = 46;
	objects = {

/* Begin PBXBuildFile section */
		0546D1A38E13BD319CC9755B /* OscReceivedElements.cpp in Sources */ = {isa = PBXBuildFile; fileRef = 9BF3AA0D4FAA89D0F8A0E545 /* OscReceivedElements.cpp */; };
		17702BA79B8951D3E67D731E /* ofxControlPanel.cpp in Sources */ = {isa = PBXBuildFile; fileRef = 269154488EC9D81500954456 /* ofxControlPanel.cpp */; };
		2441ABB8D077D1710B674B6B /* ofxControlWidget.cpp in Sources */ = {isa = PBXBuildFile; fileRef = F19D5ADDB295206E2D11D022 /* ofxControlWidget.cpp */; };
		3480F2593A7D2D1185A58BD2 /* ofxControlMultiSlider.cpp in Sources */ = {isa = PBXBuildFile; fileRef = 533BC9E677365CAEBABDE32D /* ofxControlMultiSlider.cpp */; };
		38B71BBB0749BF5FBB132556 /* ofxAbletonLive.cpp in Sources */ = {isa = PBXBuildFile; fileRef = CCF2FE3A419A16F9D3A806C7 /* ofxAbletonLive.cpp */; };
		4ADB88E2FB52E76A471065DE /* ofxOscParameterSync.cpp in Sources */ = {isa = PBXBuildFile; fileRef = 0AED834CE4DEC5260AF302A2 /* ofxOscParameterSync.cpp */; };
		510CAFE035E576A4E1502D52 /* UdpSocket.cpp in Sources */ = {isa = PBXBuildFile; fileRef = E6DEF695B88BA5FAACEAA937 /* UdpSocket.cpp */; };
		547B74FF3416E79DAD062B3E /* ofxAbletonLiveTrack.cpp in Sources */ = {isa = PBXBuildFile; fileRef = B0AE19B54624EA5DED3AF70A /* ofxAbletonLiveTrack.cpp */; };
		54D2AFE4CAB9E9987184B8CB /* ofxControlSequence.cpp in Sources */ = {isa = PBXBuildFile; fileRef = 22351BDC1BF11AD2C7514AAB /* ofxControlSequence.cpp */; };
		5864AD82E20F15536D054EA3 /* ofxOscMessage.cpp in Sources */ = {isa = PBXBuildFile; fileRef = DF49D76C45D5DB505A234880 /* ofxOscMessage.cpp */; };
		5B19D7CDA0DA2D6E32C98BFB /* ofxControlSequencer.cpp in Sources */ = {isa = PBXBuildFile; fileRef = 8208285D2C9338E091E97F1F /* ofxControlSequencer.cpp */; };
		5E4226BDBF92E688E1485262 /* ofxControlColor.cpp in Sources */ = {isa = PBXBuildFile; fileRef = 6B87D47BF06B6B77925306C3 /* ofxControlColor.cpp */; };
		62545D179C94265CA1389D4A /* OscOutboundPacketStream.cpp in Sources */ = {isa = PBXBuildFile; fileRef = 63A47AC60FFAFC3BF093EC0F /* OscOutboundPacketStream.cpp */; };
		640279EE111671BD026CB013 /* ofxOscReceiver.cpp in Sources */ = {isa = PBXBuildFile; fileRef = C2FAC65C491D4231379F3298 /* ofxOscReceiver.cpp */; };
		65409860C43A30769CCA1948 /* ofxControlTouchOSC.cpp in Sources */ = {isa = PBXBuildFile; fileRef = 662F7D0ED9FDC77CAEF95D23 /* ofxControlTouchOSC.cpp */; };
		67FE4C7B15C2F0478C8126C2 /* NetworkingUtils.cpp in Sources */ = {isa = PBXBuildFile; fileRef = 3B361208CD4107E479F04E7B /* NetworkingUtils.cpp */; };
		72A929D3561B8232A182ABFC /* ofxOscBundle.cpp in Sources */ = {isa = PBXBuildFile; fileRef = 65EEFA3DA3526E9CDD9C21F9 /* ofxOscBundle.cpp */; };
		7AD6D29D26362072A946396B /* ofxControlTextBox.cpp in Sources */ = {isa = PBXBuildFile; fileRef = AB18FF4B8A5160F1AE00A25F /* ofxControlTextBox.cpp */; };
		7E0D2586B97EF28DB0017DB3 /* Base64.cpp in Sources */ = {isa = PBXBuildFile; fileRef = 404909ACC5528A446F86752C /* Base64.cpp */; };
		8214BBF315F3FE8E7AA53A09 /* ofxControlMenu.cpp in Sources */ = {isa = PBXBuildFile; fileRef = CB5F06A2158BDC02612E1411 /* ofxControlMenu.cpp */; };
		83DE18C337910BECFBAF93EC /* ofxControlElement.cpp in Sources */ = {isa = PBXBuildFile; fileRef = C2504D6D58C7E5B3E9BF9500 /* ofxControlElement.cpp */; };
		879A251454401BC0B6E4F238 /* OscTypes.cpp in Sources */ = {isa = PBXBuildFile; fileRef = D9BFFBBF4CC43DEE890B3C3E /* OscTypes.cpp */; };
		87EF2AD666DD3859D3EAC437 /* ofxControlOscManagerPanel.cpp in Sources */ = {isa = PBXBuildFile; fileRef = 845AD8C70E8C7FD4D65159B3 /* ofxControlOscManagerPanel.cpp */; };
		8F5205AEF8861EF234F0651A /* ofxOscSender.cpp in Sources */ = {isa = PBXBuildFile; fileRef = 81967292BFC87A0144BD32C6 /* ofxOscSender.cpp */; };
		95EA8D90BEDFB3F392C5FC19 /* ofxControlMultiElement.cpp in Sources */ = {isa = PBXBuildFile; fileRef = A7F4CB87A218D604222097F4 /* ofxControlMultiElement.cpp */; };
		9BBDD8855741076B5783D568 /* ofxAbletonLiveClip.cpp in Sources */ = {isa = PBXBuildFile; fileRef = 40C841E81178E7BEFAAE9ABF /* ofxAbletonLiveClip.cpp */; };
		ADE367465D2A8EBAD4C7A8D9 /* IpEndpointName.cpp in Sources */ = {isa = PBXBuildFile; fileRef = ADD194746185E2DA11468377 /* IpEndpointName.cpp */; };
		ADEF2710D82C61E7575D77D6 /* ofxControlMidiSequencer.cpp in Sources */ = {isa = PBXBuildFile; fileRef = BE4E186E85EBBFE29FA0378B /* ofxControlMidiSequencer.cpp */; };
		AFFB17AA4F2B45440FD9E280 /* ofxAbletonLiveDevice.cpp in Sources */ = {isa = PBXBuildFile; fileRef = 91CD45D371ED66231137B49D /* ofxAbletonLiveDevice.cpp */; };
		B06786D01C68D2BF00E65F61 /* AbletonGui.cpp in Sources */ = {isa = PBXBuildFile; fileRef = B06786CE1C68D2BF00E65F61 /* AbletonGui.cpp */; };
		B105619F131F2CBAAD643A04 /* ofxControlOscManager.cpp in Sources */ = {isa = PBXBuildFile; fileRef = 9E5823E12CEB695D775A820A /* ofxControlOscManager.cpp */; };
		C3FEF526228167DB279C9FF5 /* ofxControlBpm.cpp in Sources */ = {isa = PBXBuildFile; fileRef = AC20D9189D803D8084833916 /* ofxControlBpm.cpp */; };
		C4782ECC372420ACE0615B74 /* OscPrintReceivedElements.cpp in Sources */ = {isa = PBXBuildFile; fileRef = BC8881B3C8C0A1C45F042E7A /* OscPrintReceivedElements.cpp */; };
		C597C10C7D9050F80877DD20 /* ofxControlButton.cpp in Sources */ = {isa = PBXBuildFile; fileRef = A3B86EAF56941B8764FC7183 /* ofxControlButton.cpp */; };
		C63E3138C0C0B49FE26B6DC2 /* ofxControlWidgetSelector.cpp in Sources */ = {isa = PBXBuildFile; fileRef = 564E48B1C3AACE6F032AA909 /* ofxControlWidgetSelector.cpp */; };
		CF73E623A0339945CEE95761 /* ofxControlSlider.cpp in Sources */ = {isa = PBXBuildFile; fileRef = 4167F127380B0C1F252B7FFC /* ofxControlSlider.cpp */; };
		D05B2602C55B08AC8246D30B /* ofxControlMultiRangeSlider.cpp in Sources */ = {isa = PBXBuildFile; fileRef = C8EB310028D19B56B69B2813 /* ofxControlMultiRangeSlider.cpp */; };
		DB155A1A19A59BAF33B8C189 /* ofxAbletonLiveParameter.cpp in Sources */ = {isa = PBXBuildFile; fileRef = 9DD2FE140F3D43E877CBBAAF /* ofxAbletonLiveParameter.cpp */; };
		E4328149138ABC9F0047C5CB /* openFrameworksDebug.a in Frameworks */ = {isa = PBXBuildFile; fileRef = E4328148138ABC890047C5CB /* openFrameworksDebug.a */; };
		E4B69E200A3A1BDC003C02F2 /* main.cpp in Sources */ = {isa = PBXBuildFile; fileRef = E4B69E1D0A3A1BDC003C02F2 /* main.cpp */; };
		E4B69E210A3A1BDC003C02F2 /* ofApp.cpp in Sources */ = {isa = PBXBuildFile; fileRef = E4B69E1E0A3A1BDC003C02F2 /* ofApp.cpp */; };
		F1440B2964FFEB3D7AC16B22 /* ofxControlBase.cpp in Sources */ = {isa = PBXBuildFile; fileRef = 1E64E04E7DD80799A960DE47 /* ofxControlBase.cpp */; };
		FA337D41E6D268A025CF8F87 /* ofxControlRangeSlider.cpp in Sources */ = {isa = PBXBuildFile; fileRef = CE9E5EDC08F844DBE73523D0 /* ofxControlRangeSlider.cpp */; };
		FF7BA513209CDD286F654554 /* ofxControl2dPad.cpp in Sources */ = {isa = PBXBuildFile; fileRef = 10620EA8C755C6D304D8967B /* ofxControl2dPad.cpp */; };
/* End PBXBuildFile section */

/* Begin PBXContainerItemProxy section */
		E4328147138ABC890047C5CB /* PBXContainerItemProxy */ = {
			isa = PBXContainerItemProxy;
			containerPortal = E4328143138ABC890047C5CB /* openFrameworksLib.xcodeproj */;
			proxyType = 2;
			remoteGlobalIDString = E4B27C1510CBEB8E00536013;
			remoteInfo = openFrameworks;
		};
		E4EEB9AB138B136A00A80321 /* PBXContainerItemProxy */ = {
			isa = PBXContainerItemProxy;
			containerPortal = E4328143138ABC890047C5CB /* openFrameworksLib.xcodeproj */;
			proxyType = 1;
			remoteGlobalIDString = E4B27C1410CBEB8E00536013;
			remoteInfo = openFrameworks;
		};
/* End PBXContainerItemProxy section */

/* Begin PBXCopyFilesBuildPhase section */
		E4C2427710CC5ABF004149E2 /* CopyFiles */ = {
			isa = PBXCopyFilesBuildPhase;
			buildActionMask = 2147483647;
			dstPath = "";
			dstSubfolderSpec = 10;
			files = (
			);
			runOnlyForDeploymentPostprocessing = 0;
		};
/* End PBXCopyFilesBuildPhase section */

/* Begin PBXFileReference section */
		00D6D32B84B099226431108C /* ofxOsc.h */ = {isa = PBXFileReference; explicitFileType = sourcecode.c.h; fileEncoding = 30; name = ofxOsc.h; path = ../../../addons/ofxOsc/src/ofxOsc.h; sourceTree = SOURCE_ROOT; };
		029684CF678F70F6D3537A29 /* OscOutboundPacketStream.h */ = {isa = PBXFileReference; explicitFileType = sourcecode.c.h; fileEncoding = 30; name = OscOutboundPacketStream.h; path = ../../../addons/ofxOsc/libs/oscpack/src/osc/OscOutboundPacketStream.h; sourceTree = SOURCE_ROOT; };
		0AED834CE4DEC5260AF302A2 /* ofxOscParameterSync.cpp */ = {isa = PBXFileReference; explicitFileType = sourcecode.cpp.cpp; fileEncoding = 30; name = ofxOscParameterSync.cpp; path = ../../../addons/ofxOsc/src/ofxOscParameterSync.cpp; sourceTree = SOURCE_ROOT; };
		10620EA8C755C6D304D8967B /* ofxControl2dPad.cpp */ = {isa = PBXFileReference; explicitFileType = sourcecode.cpp.cpp; fileEncoding = 30; name = ofxControl2dPad.cpp; path = ../../../addons/ofxControl/src/ofxControl2dPad.cpp; sourceTree = SOURCE_ROOT; };
		11E50F822796D779D4A929A1 /* ofxAbletonLiveClip.h */ = {isa = PBXFileReference; explicitFileType = sourcecode.c.h; fileEncoding = 30; name = ofxAbletonLiveClip.h; path = ../../../addons/ofxAbletonLive/src/ofxAbletonLiveClip.h; sourceTree = SOURCE_ROOT; };
		1E64E04E7DD80799A960DE47 /* ofxControlBase.cpp */ = {isa = PBXFileReference; explicitFileType = sourcecode.cpp.cpp; fileEncoding = 30; name = ofxControlBase.cpp; path = ../../../addons/ofxControl/src/ofxControlBase.cpp; sourceTree = SOURCE_ROOT; };
		20C5D4414D9A9E6135835F45 /* ofxControlWidgetSelector.h */ = {isa = PBXFileReference; explicitFileType = sourcecode.c.h; fileEncoding = 30; name = ofxControlWidgetSelector.h; path = ../../../addons/ofxControl/src/ofxControlWidgetSelector.h; sourceTree = SOURCE_ROOT; };
		20F35AFADAF0068B067E713F /* OscReceivedElements.h */ = {isa = PBXFileReference; explicitFileType = sourcecode.c.h; fileEncoding = 30; name = OscReceivedElements.h; path = ../../../addons/ofxOsc/libs/oscpack/src/osc/OscReceivedElements.h; sourceTree = SOURCE_ROOT; };
		22351BDC1BF11AD2C7514AAB /* ofxControlSequence.cpp */ = {isa = PBXFileReference; explicitFileType = sourcecode.cpp.cpp; fileEncoding = 30; name = ofxControlSequence.cpp; path = ../../../addons/ofxControl/src/ofxControlSequence.cpp; sourceTree = SOURCE_ROOT; };
		23640F57DF6C4BB6BFC5DA4C /* PacketListener.h */ = {isa = PBXFileReference; explicitFileType = sourcecode.c.h; fileEncoding = 30; name = PacketListener.h; path = ../../../addons/ofxOsc/libs/oscpack/src/ip/PacketListener.h; sourceTree = SOURCE_ROOT; };
		269154488EC9D81500954456 /* ofxControlPanel.cpp */ = {isa = PBXFileReference; explicitFileType = sourcecode.cpp.cpp; fileEncoding = 30; name = ofxControlPanel.cpp; path = ../../../addons/ofxControl/src/ofxControlPanel.cpp; sourceTree = SOURCE_ROOT; };
		2FD4B0329909D3527F003494 /* UdpSocket.h */ = {isa = PBXFileReference; explicitFileType = sourcecode.c.h; fileEncoding = 30; name = UdpSocket.h; path = ../../../addons/ofxOsc/libs/oscpack/src/ip/UdpSocket.h; sourceTree = SOURCE_ROOT; };
		34AF60074B46DD1515C1AAEA /* ofxControlMultiElement.h */ = {isa = PBXFileReference; explicitFileType = sourcecode.c.h; fileEncoding = 30; name = ofxControlMultiElement.h; path = ../../../addons/ofxControl/src/ofxControlMultiElement.h; sourceTree = SOURCE_ROOT; };
		3656453C80EAC24F71DB205F /* ofxControlColor.h */ = {isa = PBXFileReference; explicitFileType = sourcecode.c.h; fileEncoding = 30; name = ofxControlColor.h; path = ../../../addons/ofxControl/src/ofxControlColor.h; sourceTree = SOURCE_ROOT; };
		3B361208CD4107E479F04E7B /* NetworkingUtils.cpp */ = {isa = PBXFileReference; explicitFileType = sourcecode.cpp.cpp; fileEncoding = 30; name = NetworkingUtils.cpp; path = ../../../addons/ofxOsc/libs/oscpack/src/ip/posix/NetworkingUtils.cpp; sourceTree = SOURCE_ROOT; };
		4023D5F5704820DA0283E7E2 /* ofxAbletonLiveParameter.h */ = {isa = PBXFileReference; explicitFileType = sourcecode.c.h; fileEncoding = 30; name = ofxAbletonLiveParameter.h; path = ../../../addons/ofxAbletonLive/src/ofxAbletonLiveParameter.h; sourceTree = SOURCE_ROOT; };
		404909ACC5528A446F86752C /* Base64.cpp */ = {isa = PBXFileReference; explicitFileType = sourcecode.cpp.cpp; fileEncoding = 30; name = Base64.cpp; path = ../../../addons/ofxControl/src/Base64.cpp; sourceTree = SOURCE_ROOT; };
		40C841E81178E7BEFAAE9ABF /* ofxAbletonLiveClip.cpp */ = {isa = PBXFileReference; explicitFileType = sourcecode.cpp.cpp; fileEncoding = 30; name = ofxAbletonLiveClip.cpp; path = ../../../addons/ofxAbletonLive/src/ofxAbletonLiveClip.cpp; sourceTree = SOURCE_ROOT; };
		4167F127380B0C1F252B7FFC /* ofxControlSlider.cpp */ = {isa = PBXFileReference; explicitFileType = sourcecode.cpp.cpp; fileEncoding = 30; name = ofxControlSlider.cpp; path = ../../../addons/ofxControl/src/ofxControlSlider.cpp; sourceTree = SOURCE_ROOT; };
		444657A12E59D0ED86981498 /* TimerListener.h */ = {isa = PBXFileReference; explicitFileType = sourcecode.c.h; fileEncoding = 30; name = TimerListener.h; path = ../../../addons/ofxOsc/libs/oscpack/src/ip/TimerListener.h; sourceTree = SOURCE_ROOT; };
		4643A14DCC10DA58CAA874B3 /* ofxControlBase.h */ = {isa = PBXFileReference; explicitFileType = sourcecode.c.h; fileEncoding = 30; name = ofxControlBase.h; path = ../../../addons/ofxControl/src/ofxControlBase.h; sourceTree = SOURCE_ROOT; };
		48974F980F51769171D0B2F5 /* IpEndpointName.h */ = {isa = PBXFileReference; explicitFileType = sourcecode.c.h; fileEncoding = 30; name = IpEndpointName.h; path = ../../../addons/ofxOsc/libs/oscpack/src/ip/IpEndpointName.h; sourceTree = SOURCE_ROOT; };
		4DD2FE7F25CD71AEABFAF6E1 /* ofxControlConstants.h */ = {isa = PBXFileReference; explicitFileType = sourcecode.c.h; fileEncoding = 30; name = ofxControlConstants.h; path = ../../../addons/ofxControl/src/ofxControlConstants.h; sourceTree = SOURCE_ROOT; };
		4E95FB446A9C9C6F0DE12D75 /* OscPrintReceivedElements.h */ = {isa = PBXFileReference; explicitFileType = sourcecode.c.h; fileEncoding = 30; name = OscPrintReceivedElements.h; path = ../../../addons/ofxOsc/libs/oscpack/src/osc/OscPrintReceivedElements.h; sourceTree = SOURCE_ROOT; };
		533BC9E677365CAEBABDE32D /* ofxControlMultiSlider.cpp */ = {isa = PBXFileReference; explicitFileType = sourcecode.cpp.cpp; fileEncoding = 30; name = ofxControlMultiSlider.cpp; path = ../../../addons/ofxControl/src/ofxControlMultiSlider.cpp; sourceTree = SOURCE_ROOT; };
		564E48B1C3AACE6F032AA909 /* ofxControlWidgetSelector.cpp */ = {isa = PBXFileReference; explicitFileType = sourcecode.cpp.cpp; fileEncoding = 30; name = ofxControlWidgetSelector.cpp; path = ../../../addons/ofxControl/src/ofxControlWidgetSelector.cpp; sourceTree = SOURCE_ROOT; };
		62A4733E6DD24DE0D47F2CD0 /* ofxControlOscManagerPanel.h */ = {isa = PBXFileReference; explicitFileType = sourcecode.c.h; fileEncoding = 30; name = ofxControlOscManagerPanel.h; path = ../../../addons/ofxControl/src/ofxControlOscManagerPanel.h; sourceTree = SOURCE_ROOT; };
		63A47AC60FFAFC3BF093EC0F /* OscOutboundPacketStream.cpp */ = {isa = PBXFileReference; explicitFileType = sourcecode.cpp.cpp; fileEncoding = 30; name = OscOutboundPacketStream.cpp; path = ../../../addons/ofxOsc/libs/oscpack/src/osc/OscOutboundPacketStream.cpp; sourceTree = SOURCE_ROOT; };
		65EEFA3DA3526E9CDD9C21F9 /* ofxOscBundle.cpp */ = {isa = PBXFileReference; explicitFileType = sourcecode.cpp.cpp; fileEncoding = 30; name = ofxOscBundle.cpp; path = ../../../addons/ofxOsc/src/ofxOscBundle.cpp; sourceTree = SOURCE_ROOT; };
		662F7D0ED9FDC77CAEF95D23 /* ofxControlTouchOSC.cpp */ = {isa = PBXFileReference; explicitFileType = sourcecode.cpp.cpp; fileEncoding = 30; name = ofxControlTouchOSC.cpp; path = ../../../addons/ofxControl/src/ofxControlTouchOSC.cpp; sourceTree = SOURCE_ROOT; };
		6B65E6930994CC4B2D2B8B33 /* OscPacketListener.h */ = {isa = PBXFileReference; explicitFileType = sourcecode.c.h; fileEncoding = 30; name = OscPacketListener.h; path = ../../../addons/ofxOsc/libs/oscpack/src/osc/OscPacketListener.h; sourceTree = SOURCE_ROOT; };
		6B87D47BF06B6B77925306C3 /* ofxControlColor.cpp */ = {isa = PBXFileReference; explicitFileType = sourcecode.cpp.cpp; fileEncoding = 30; name = ofxControlColor.cpp; path = ../../../addons/ofxControl/src/ofxControlColor.cpp; sourceTree = SOURCE_ROOT; };
		6EF27248E0BF8BC17B168BB2 /* ofxControlMidiSequencer.h */ = {isa = PBXFileReference; explicitFileType = sourcecode.c.h; fileEncoding = 30; name = ofxControlMidiSequencer.h; path = ../../../addons/ofxControl/src/ofxControlMidiSequencer.h; sourceTree = SOURCE_ROOT; };
		7689F8A0F3D0B7635A8C3104 /* ofxOscArg.h */ = {isa = PBXFileReference; explicitFileType = sourcecode.c.h; fileEncoding = 30; name = ofxOscArg.h; path = ../../../addons/ofxOsc/src/ofxOscArg.h; sourceTree = SOURCE_ROOT; };
		76D683B07B9E2460C787BDA9 /* ofxAbletonLiveTrack.h */ = {isa = PBXFileReference; explicitFileType = sourcecode.c.h; fileEncoding = 30; name = ofxAbletonLiveTrack.h; path = ../../../addons/ofxAbletonLive/src/ofxAbletonLiveTrack.h; sourceTree = SOURCE_ROOT; };
		7B8F77474AA8EDABF091DAED /* ofxControlMultiSlider.h */ = {isa = PBXFileReference; explicitFileType = sourcecode.c.h; fileEncoding = 30; name = ofxControlMultiSlider.h; path = ../../../addons/ofxControl/src/ofxControlMultiSlider.h; sourceTree = SOURCE_ROOT; };
		7F9EDB321DC1CC61E29AE4ED /* ofxControl2dPad.h */ = {isa = PBXFileReference; explicitFileType = sourcecode.c.h; fileEncoding = 30; name = ofxControl2dPad.h; path = ../../../addons/ofxControl/src/ofxControl2dPad.h; sourceTree = SOURCE_ROOT; };
		807D0BE41B2AD43FC0A794A0 /* ofxControlMultiRangeSlider.h */ = {isa = PBXFileReference; explicitFileType = sourcecode.c.h; fileEncoding = 30; name = ofxControlMultiRangeSlider.h; path = ../../../addons/ofxControl/src/ofxControlMultiRangeSlider.h; sourceTree = SOURCE_ROOT; };
		81967292BFC87A0144BD32C6 /* ofxOscSender.cpp */ = {isa = PBXFileReference; explicitFileType = sourcecode.cpp.cpp; fileEncoding = 30; name = ofxOscSender.cpp; path = ../../../addons/ofxOsc/src/ofxOscSender.cpp; sourceTree = SOURCE_ROOT; };
		8208285D2C9338E091E97F1F /* ofxControlSequencer.cpp */ = {isa = PBXFileReference; explicitFileType = sourcecode.cpp.cpp; fileEncoding = 30; name = ofxControlSequencer.cpp; path = ../../../addons/ofxControl/src/ofxControlSequencer.cpp; sourceTree = SOURCE_ROOT; };
		845AD8C70E8C7FD4D65159B3 /* ofxControlOscManagerPanel.cpp */ = {isa = PBXFileReference; explicitFileType = sourcecode.cpp.cpp; fileEncoding = 30; name = ofxControlOscManagerPanel.cpp; path = ../../../addons/ofxControl/src/ofxControlOscManagerPanel.cpp; sourceTree = SOURCE_ROOT; };
		8640920AA64808966334CA35 /* ofxAbletonLiveDevice.h */ = {isa = PBXFileReference; explicitFileType = sourcecode.c.h; fileEncoding = 30; name = ofxAbletonLiveDevice.h; path = ../../../addons/ofxAbletonLive/src/ofxAbletonLiveDevice.h; sourceTree = SOURCE_ROOT; };
		8B30E93FD3D3475EED522A0E /* ofxOscBundle.h */ = {isa = PBXFileReference; explicitFileType = sourcecode.c.h; fileEncoding = 30; name = ofxOscBundle.h; path = ../../../addons/ofxOsc/src/ofxOscBundle.h; sourceTree = SOURCE_ROOT; };
		8C75AFC8774A62495DD53464 /* ofxOscReceiver.h */ = {isa = PBXFileReference; explicitFileType = sourcecode.c.h; fileEncoding = 30; name = ofxOscReceiver.h; path = ../../../addons/ofxOsc/src/ofxOscReceiver.h; sourceTree = SOURCE_ROOT; };
		91CD45D371ED66231137B49D /* ofxAbletonLiveDevice.cpp */ = {isa = PBXFileReference; explicitFileType = sourcecode.cpp.cpp; fileEncoding = 30; name = ofxAbletonLiveDevice.cpp; path = ../../../addons/ofxAbletonLive/src/ofxAbletonLiveDevice.cpp; sourceTree = SOURCE_ROOT; };
		9482BA25298C3DCFDA00FBFA /* ofxControlSequence.h */ = {isa = PBXFileReference; explicitFileType = sourcecode.c.h; fileEncoding = 30; name = ofxControlSequence.h; path = ../../../addons/ofxControl/src/ofxControlSequence.h; sourceTree = SOURCE_ROOT; };
		9BF3AA0D4FAA89D0F8A0E545 /* OscReceivedElements.cpp */ = {isa = PBXFileReference; explicitFileType = sourcecode.cpp.cpp; fileEncoding = 30; name = OscReceivedElements.cpp; path = ../../../addons/ofxOsc/libs/oscpack/src/osc/OscReceivedElements.cpp; sourceTree = SOURCE_ROOT; };
		9DD2FE140F3D43E877CBBAAF /* ofxAbletonLiveParameter.cpp */ = {isa = PBXFileReference; explicitFileType = sourcecode.cpp.cpp; fileEncoding = 30; name = ofxAbletonLiveParameter.cpp; path = ../../../addons/ofxAbletonLive/src/ofxAbletonLiveParameter.cpp; sourceTree = SOURCE_ROOT; };
		9E5823E12CEB695D775A820A /* ofxControlOscManager.cpp */ = {isa = PBXFileReference; explicitFileType = sourcecode.cpp.cpp; fileEncoding = 30; name = ofxControlOscManager.cpp; path = ../../../addons/ofxControl/src/ofxControlOscManager.cpp; sourceTree = SOURCE_ROOT; };
		9F7986DC4EB05E75FCE2C777 /* ofxOscSender.h */ = {isa = PBXFileReference; explicitFileType = sourcecode.c.h; fileEncoding = 30; name = ofxOscSender.h; path = ../../../addons/ofxOsc/src/ofxOscSender.h; sourceTree = SOURCE_ROOT; };
		A0BC68C6C5BA4AD81E1343E4 /* ofxControlTouchOSC.h */ = {isa = PBXFileReference; explicitFileType = sourcecode.c.h; fileEncoding = 30; name = ofxControlTouchOSC.h; path = ../../../addons/ofxControl/src/ofxControlTouchOSC.h; sourceTree = SOURCE_ROOT; };
		A2AAA8CA403479E6FCDF920E /* OscHostEndianness.h */ = {isa = PBXFileReference; explicitFileType = sourcecode.c.h; fileEncoding = 30; name = OscHostEndianness.h; path = ../../../addons/ofxOsc/libs/oscpack/src/osc/OscHostEndianness.h; sourceTree = SOURCE_ROOT; };
		A3B86EAF56941B8764FC7183 /* ofxControlButton.cpp */ = {isa = PBXFileReference; explicitFileType = sourcecode.cpp.cpp; fileEncoding = 30; name = ofxControlButton.cpp; path = ../../../addons/ofxControl/src/ofxControlButton.cpp; sourceTree = SOURCE_ROOT; };
		A4000B8368891301277E57D7 /* ofxControlRangeSlider.h */ = {isa = PBXFileReference; explicitFileType = sourcecode.c.h; fileEncoding = 30; name = ofxControlRangeSlider.h; path = ../../../addons/ofxControl/src/ofxControlRangeSlider.h; sourceTree = SOURCE_ROOT; };
		A548FC9BBD1FE79423CA0BB5 /* ofxAbletonLive.h */ = {isa = PBXFileReference; explicitFileType = sourcecode.c.h; fileEncoding = 30; name = ofxAbletonLive.h; path = ../../../addons/ofxAbletonLive/src/ofxAbletonLive.h; sourceTree = SOURCE_ROOT; };
		A7F4CB87A218D604222097F4 /* ofxControlMultiElement.cpp */ = {isa = PBXFileReference; explicitFileType = sourcecode.cpp.cpp; fileEncoding = 30; name = ofxControlMultiElement.cpp; path = ../../../addons/ofxControl/src/ofxControlMultiElement.cpp; sourceTree = SOURCE_ROOT; };
		A984A0B78CEFDA3DA2013FEC /* ofxControlTextBox.h */ = {isa = PBXFileReference; explicitFileType = sourcecode.c.h; fileEncoding = 30; name = ofxControlTextBox.h; path = ../../../addons/ofxControl/src/ofxControlTextBox.h; sourceTree = SOURCE_ROOT; };
		AB18FF4B8A5160F1AE00A25F /* ofxControlTextBox.cpp */ = {isa = PBXFileReference; explicitFileType = sourcecode.cpp.cpp; fileEncoding = 30; name = ofxControlTextBox.cpp; path = ../../../addons/ofxControl/src/ofxControlTextBox.cpp; sourceTree = SOURCE_ROOT; };
		AC20D9189D803D8084833916 /* ofxControlBpm.cpp */ = {isa = PBXFileReference; explicitFileType = sourcecode.cpp.cpp; fileEncoding = 30; name = ofxControlBpm.cpp; path = ../../../addons/ofxControl/src/ofxControlBpm.cpp; sourceTree = SOURCE_ROOT; };
		AD811792CEF4ECC6E8EF87B5 /* ofxControlBpm.h */ = {isa = PBXFileReference; explicitFileType = sourcecode.c.h; fileEncoding = 30; name = ofxControlBpm.h; path = ../../../addons/ofxControl/src/ofxControlBpm.h; sourceTree = SOURCE_ROOT; };
		ADD194746185E2DA11468377 /* IpEndpointName.cpp */ = {isa = PBXFileReference; explicitFileType = sourcecode.cpp.cpp; fileEncoding = 30; name = IpEndpointName.cpp; path = ../../../addons/ofxOsc/libs/oscpack/src/ip/IpEndpointName.cpp; sourceTree = SOURCE_ROOT; };
		AE335EB4709BFD4671EEAC84 /* MessageMappingOscPacketListener.h */ = {isa = PBXFileReference; explicitFileType = sourcecode.c.h; fileEncoding = 30; name = MessageMappingOscPacketListener.h; path = ../../../addons/ofxOsc/libs/oscpack/src/osc/MessageMappingOscPacketListener.h; sourceTree = SOURCE_ROOT; };
		AE7A9C84AD6621E3C2A64A74 /* ofxControlParameter.h */ = {isa = PBXFileReference; explicitFileType = sourcecode.c.h; fileEncoding = 30; name = ofxControlParameter.h; path = ../../../addons/ofxControl/src/ofxControlParameter.h; sourceTree = SOURCE_ROOT; };
		B06786CE1C68D2BF00E65F61 /* AbletonGui.cpp */ = {isa = PBXFileReference; fileEncoding = 4; lastKnownFileType = sourcecode.cpp.cpp; path = AbletonGui.cpp; sourceTree = "<group>"; };
		B06786CF1C68D2BF00E65F61 /* AbletonGui.h */ = {isa = PBXFileReference; fileEncoding = 4; lastKnownFileType = sourcecode.c.h; path = AbletonGui.h; sourceTree = "<group>"; };
		B0AE19B54624EA5DED3AF70A /* ofxAbletonLiveTrack.cpp */ = {isa = PBXFileReference; explicitFileType = sourcecode.cpp.cpp; fileEncoding = 30; name = ofxAbletonLiveTrack.cpp; path = ../../../addons/ofxAbletonLive/src/ofxAbletonLiveTrack.cpp; sourceTree = SOURCE_ROOT; };
		B31C608870ECEB2490A93736 /* ofxOscParameterSync.h */ = {isa = PBXFileReference; explicitFileType = sourcecode.c.h; fileEncoding = 30; name = ofxOscParameterSync.h; path = ../../../addons/ofxOsc/src/ofxOscParameterSync.h; sourceTree = SOURCE_ROOT; };
		B4691993D1234E9CB7374CEB /* ofxControlMenu.h */ = {isa = PBXFileReference; explicitFileType = sourcecode.c.h; fileEncoding = 30; name = ofxControlMenu.h; path = ../../../addons/ofxControl/src/ofxControlMenu.h; sourceTree = SOURCE_ROOT; };
		B49C378AB8D85498C77B7BD3 /* ofxControlButton.h */ = {isa = PBXFileReference; explicitFileType = sourcecode.c.h; fileEncoding = 30; name = ofxControlButton.h; path = ../../../addons/ofxControl/src/ofxControlButton.h; sourceTree = SOURCE_ROOT; };
		BC8881B3C8C0A1C45F042E7A /* OscPrintReceivedElements.cpp */ = {isa = PBXFileReference; explicitFileType = sourcecode.cpp.cpp; fileEncoding = 30; name = OscPrintReceivedElements.cpp; path = ../../../addons/ofxOsc/libs/oscpack/src/osc/OscPrintReceivedElements.cpp; sourceTree = SOURCE_ROOT; };
		BD3009DA85F81B966EF0D008 /* ofxControlSlider.h */ = {isa = PBXFileReference; explicitFileType = sourcecode.c.h; fileEncoding = 30; name = ofxControlSlider.h; path = ../../../addons/ofxControl/src/ofxControlSlider.h; sourceTree = SOURCE_ROOT; };
		BE4E186E85EBBFE29FA0378B /* ofxControlMidiSequencer.cpp */ = {isa = PBXFileReference; explicitFileType = sourcecode.cpp.cpp; fileEncoding = 30; name = ofxControlMidiSequencer.cpp; path = ../../../addons/ofxControl/src/ofxControlMidiSequencer.cpp; sourceTree = SOURCE_ROOT; };
		C2504D6D58C7E5B3E9BF9500 /* ofxControlElement.cpp */ = {isa = PBXFileReference; explicitFileType = sourcecode.cpp.cpp; fileEncoding = 30; name = ofxControlElement.cpp; path = ../../../addons/ofxControl/src/ofxControlElement.cpp; sourceTree = SOURCE_ROOT; };
		C2FAC65C491D4231379F3298 /* ofxOscReceiver.cpp */ = {isa = PBXFileReference; explicitFileType = sourcecode.cpp.cpp; fileEncoding = 30; name = ofxOscReceiver.cpp; path = ../../../addons/ofxOsc/src/ofxOscReceiver.cpp; sourceTree = SOURCE_ROOT; };
		C3DB1ABCB1F5232384668895 /* ofxControlElement.h */ = {isa = PBXFileReference; explicitFileType = sourcecode.c.h; fileEncoding = 30; name = ofxControlElement.h; path = ../../../addons/ofxControl/src/ofxControlElement.h; sourceTree = SOURCE_ROOT; };
		C58862C6D212C8E8A83810F4 /* ofxOscMessage.h */ = {isa = PBXFileReference; explicitFileType = sourcecode.c.h; fileEncoding = 30; name = ofxOscMessage.h; path = ../../../addons/ofxOsc/src/ofxOscMessage.h; sourceTree = SOURCE_ROOT; };
		C6937888E126BADC8777423B /* OscTypes.h */ = {isa = PBXFileReference; explicitFileType = sourcecode.c.h; fileEncoding = 30; name = OscTypes.h; path = ../../../addons/ofxOsc/libs/oscpack/src/osc/OscTypes.h; sourceTree = SOURCE_ROOT; };
		C8EB310028D19B56B69B2813 /* ofxControlMultiRangeSlider.cpp */ = {isa = PBXFileReference; explicitFileType = sourcecode.cpp.cpp; fileEncoding = 30; name = ofxControlMultiRangeSlider.cpp; path = ../../../addons/ofxControl/src/ofxControlMultiRangeSlider.cpp; sourceTree = SOURCE_ROOT; };
		CB5F06A2158BDC02612E1411 /* ofxControlMenu.cpp */ = {isa = PBXFileReference; explicitFileType = sourcecode.cpp.cpp; fileEncoding = 30; name = ofxControlMenu.cpp; path = ../../../addons/ofxControl/src/ofxControlMenu.cpp; sourceTree = SOURCE_ROOT; };
		CCF2FE3A419A16F9D3A806C7 /* ofxAbletonLive.cpp */ = {isa = PBXFileReference; explicitFileType = sourcecode.cpp.cpp; fileEncoding = 30; name = ofxAbletonLive.cpp; path = ../../../addons/ofxAbletonLive/src/ofxAbletonLive.cpp; sourceTree = SOURCE_ROOT; };
		CE9E5EDC08F844DBE73523D0 /* ofxControlRangeSlider.cpp */ = {isa = PBXFileReference; explicitFileType = sourcecode.cpp.cpp; fileEncoding = 30; name = ofxControlRangeSlider.cpp; path = ../../../addons/ofxControl/src/ofxControlRangeSlider.cpp; sourceTree = SOURCE_ROOT; };
		D0D36A2F928EA0616E0B627E /* ofxControlWidget.h */ = {isa = PBXFileReference; explicitFileType = sourcecode.c.h; fileEncoding = 30; name = ofxControlWidget.h; path = ../../../addons/ofxControl/src/ofxControlWidget.h; sourceTree = SOURCE_ROOT; };
		D74EE72DB86D80070F7849AB /* ofxControlSequencer.h */ = {isa = PBXFileReference; explicitFileType = sourcecode.c.h; fileEncoding = 30; name = ofxControlSequencer.h; path = ../../../addons/ofxControl/src/ofxControlSequencer.h; sourceTree = SOURCE_ROOT; };
		D9BFFBBF4CC43DEE890B3C3E /* OscTypes.cpp */ = {isa = PBXFileReference; explicitFileType = sourcecode.cpp.cpp; fileEncoding = 30; name = OscTypes.cpp; path = ../../../addons/ofxOsc/libs/oscpack/src/osc/OscTypes.cpp; sourceTree = SOURCE_ROOT; };
		DF49D76C45D5DB505A234880 /* ofxOscMessage.cpp */ = {isa = PBXFileReference; explicitFileType = sourcecode.cpp.cpp; fileEncoding = 30; name = ofxOscMessage.cpp; path = ../../../addons/ofxOsc/src/ofxOscMessage.cpp; sourceTree = SOURCE_ROOT; };
		E170B79EF66537D65E1AEC1D /* ofxControlPanel.h */ = {isa = PBXFileReference; explicitFileType = sourcecode.c.h; fileEncoding = 30; name = ofxControlPanel.h; path = ../../../addons/ofxControl/src/ofxControlPanel.h; sourceTree = SOURCE_ROOT; };
		E4328143138ABC890047C5CB /* openFrameworksLib.xcodeproj */ = {isa = PBXFileReference; lastKnownFileType = "wrapper.pb-project"; name = openFrameworksLib.xcodeproj; path = ../../../libs/openFrameworksCompiled/project/osx/openFrameworksLib.xcodeproj; sourceTree = SOURCE_ROOT; };
		E460A9913F163CA725633B69 /* ofxControlOscManager.h */ = {isa = PBXFileReference; explicitFileType = sourcecode.c.h; fileEncoding = 30; name = ofxControlOscManager.h; path = ../../../addons/ofxControl/src/ofxControlOscManager.h; sourceTree = SOURCE_ROOT; };
		E4B69B5B0A3A1756003C02F2 /* Wekinator_AbletonDebug.app */ = {isa = PBXFileReference; explicitFileType = wrapper.application; includeInIndex = 0; path = Wekinator_AbletonDebug.app; sourceTree = BUILT_PRODUCTS_DIR; };
		E4B69E1D0A3A1BDC003C02F2 /* main.cpp */ = {isa = PBXFileReference; fileEncoding = 30; lastKnownFileType = sourcecode.cpp.cpp; name = main.cpp; path = src/main.cpp; sourceTree = SOURCE_ROOT; };
		E4B69E1E0A3A1BDC003C02F2 /* ofApp.cpp */ = {isa = PBXFileReference; explicitFileType = sourcecode.cpp.cpp; fileEncoding = 30; name = ofApp.cpp; path = src/ofApp.cpp; sourceTree = SOURCE_ROOT; };
		E4B69E1F0A3A1BDC003C02F2 /* ofApp.h */ = {isa = PBXFileReference; fileEncoding = 30; lastKnownFileType = sourcecode.c.h; name = ofApp.h; path = src/ofApp.h; sourceTree = SOURCE_ROOT; };
		E4B6FCAD0C3E899E008CF71C /* openFrameworks-Info.plist */ = {isa = PBXFileReference; fileEncoding = 30; lastKnownFileType = text.plist.xml; path = "openFrameworks-Info.plist"; sourceTree = "<group>"; };
		E4EB691F138AFCF100A09F29 /* CoreOF.xcconfig */ = {isa = PBXFileReference; fileEncoding = 4; lastKnownFileType = text.xcconfig; name = CoreOF.xcconfig; path = ../../../libs/openFrameworksCompiled/project/osx/CoreOF.xcconfig; sourceTree = SOURCE_ROOT; };
		E4EB6923138AFD0F00A09F29 /* Project.xcconfig */ = {isa = PBXFileReference; fileEncoding = 4; lastKnownFileType = text.xcconfig; path = Project.xcconfig; sourceTree = "<group>"; };
		E6DEF695B88BA5FAACEAA937 /* UdpSocket.cpp */ = {isa = PBXFileReference; explicitFileType = sourcecode.cpp.cpp; fileEncoding = 30; name = UdpSocket.cpp; path = ../../../addons/ofxOsc/libs/oscpack/src/ip/posix/UdpSocket.cpp; sourceTree = SOURCE_ROOT; };
		F19D5ADDB295206E2D11D022 /* ofxControlWidget.cpp */ = {isa = PBXFileReference; explicitFileType = sourcecode.cpp.cpp; fileEncoding = 30; name = ofxControlWidget.cpp; path = ../../../addons/ofxControl/src/ofxControlWidget.cpp; sourceTree = SOURCE_ROOT; };
		F4F5B6B8BA2BD52C646ED908 /* OscException.h */ = {isa = PBXFileReference; explicitFileType = sourcecode.c.h; fileEncoding = 30; name = OscException.h; path = ../../../addons/ofxOsc/libs/oscpack/src/osc/OscException.h; sourceTree = SOURCE_ROOT; };
		F7FBC56859535E597B24BB91 /* NetworkingUtils.h */ = {isa = PBXFileReference; explicitFileType = sourcecode.c.h; fileEncoding = 30; name = NetworkingUtils.h; path = ../../../addons/ofxOsc/libs/oscpack/src/ip/NetworkingUtils.h; sourceTree = SOURCE_ROOT; };
		FAF45AEC9BA542FF69767837 /* ofxControl.h */ = {isa = PBXFileReference; explicitFileType = sourcecode.c.h; fileEncoding = 30; name = ofxControl.h; path = ../../../addons/ofxControl/src/ofxControl.h; sourceTree = SOURCE_ROOT; };
		FD858D2019DC626225D01396 /* Base64.h */ = {isa = PBXFileReference; explicitFileType = sourcecode.c.h; fileEncoding = 30; name = Base64.h; path = ../../../addons/ofxControl/src/Base64.h; sourceTree = SOURCE_ROOT; };
/* End PBXFileReference section */

/* Begin PBXFrameworksBuildPhase section */
		E4B69B590A3A1756003C02F2 /* Frameworks */ = {
			isa = PBXFrameworksBuildPhase;
			buildActionMask = 2147483647;
			files = (
				E4328149138ABC9F0047C5CB /* openFrameworksDebug.a in Frameworks */,
			);
			runOnlyForDeploymentPostprocessing = 0;
		};
/* End PBXFrameworksBuildPhase section */

/* Begin PBXGroup section */
		157A2C65AD89F30A11EAE48C /* ofxControl */ = {
			isa = PBXGroup;
			children = (
				394ADE714A1F85E60B5618AB /* src */,
			);
			name = ofxControl;
			sourceTree = "<group>";
		};
		2BD862020B7783ABB823FBFF /* ofxAbletonLive */ = {
			isa = PBXGroup;
			children = (
				E87BD67B460D2097E01AC90C /* src */,
			);
			name = ofxAbletonLive;
			sourceTree = "<group>";
		};
		30CB364908817057B430D528 /* osc */ = {
			isa = PBXGroup;
			children = (
				AE335EB4709BFD4671EEAC84 /* MessageMappingOscPacketListener.h */,
				F4F5B6B8BA2BD52C646ED908 /* OscException.h */,
				A2AAA8CA403479E6FCDF920E /* OscHostEndianness.h */,
				63A47AC60FFAFC3BF093EC0F /* OscOutboundPacketStream.cpp */,
				029684CF678F70F6D3537A29 /* OscOutboundPacketStream.h */,
				6B65E6930994CC4B2D2B8B33 /* OscPacketListener.h */,
				BC8881B3C8C0A1C45F042E7A /* OscPrintReceivedElements.cpp */,
				4E95FB446A9C9C6F0DE12D75 /* OscPrintReceivedElements.h */,
				9BF3AA0D4FAA89D0F8A0E545 /* OscReceivedElements.cpp */,
				20F35AFADAF0068B067E713F /* OscReceivedElements.h */,
				D9BFFBBF4CC43DEE890B3C3E /* OscTypes.cpp */,
				C6937888E126BADC8777423B /* OscTypes.h */,
			);
			name = osc;
			sourceTree = "<group>";
		};
		38871A5825686AE018EC2BF0 /* libs */ = {
			isa = PBXGroup;
			children = (
				86D2677079A3AF4A5A88E29A /* oscpack */,
			);
			name = libs;
			sourceTree = "<group>";
		};
		394ADE714A1F85E60B5618AB /* src */ = {
			isa = PBXGroup;
			children = (
				404909ACC5528A446F86752C /* Base64.cpp */,
				FD858D2019DC626225D01396 /* Base64.h */,
				FAF45AEC9BA542FF69767837 /* ofxControl.h */,
				10620EA8C755C6D304D8967B /* ofxControl2dPad.cpp */,
				7F9EDB321DC1CC61E29AE4ED /* ofxControl2dPad.h */,
				1E64E04E7DD80799A960DE47 /* ofxControlBase.cpp */,
				4643A14DCC10DA58CAA874B3 /* ofxControlBase.h */,
				AC20D9189D803D8084833916 /* ofxControlBpm.cpp */,
				AD811792CEF4ECC6E8EF87B5 /* ofxControlBpm.h */,
				A3B86EAF56941B8764FC7183 /* ofxControlButton.cpp */,
				B49C378AB8D85498C77B7BD3 /* ofxControlButton.h */,
				6B87D47BF06B6B77925306C3 /* ofxControlColor.cpp */,
				3656453C80EAC24F71DB205F /* ofxControlColor.h */,
				4DD2FE7F25CD71AEABFAF6E1 /* ofxControlConstants.h */,
				C2504D6D58C7E5B3E9BF9500 /* ofxControlElement.cpp */,
				C3DB1ABCB1F5232384668895 /* ofxControlElement.h */,
				CB5F06A2158BDC02612E1411 /* ofxControlMenu.cpp */,
				B4691993D1234E9CB7374CEB /* ofxControlMenu.h */,
				BE4E186E85EBBFE29FA0378B /* ofxControlMidiSequencer.cpp */,
				6EF27248E0BF8BC17B168BB2 /* ofxControlMidiSequencer.h */,
				A7F4CB87A218D604222097F4 /* ofxControlMultiElement.cpp */,
				34AF60074B46DD1515C1AAEA /* ofxControlMultiElement.h */,
				C8EB310028D19B56B69B2813 /* ofxControlMultiRangeSlider.cpp */,
				807D0BE41B2AD43FC0A794A0 /* ofxControlMultiRangeSlider.h */,
				533BC9E677365CAEBABDE32D /* ofxControlMultiSlider.cpp */,
				7B8F77474AA8EDABF091DAED /* ofxControlMultiSlider.h */,
				9E5823E12CEB695D775A820A /* ofxControlOscManager.cpp */,
				E460A9913F163CA725633B69 /* ofxControlOscManager.h */,
				845AD8C70E8C7FD4D65159B3 /* ofxControlOscManagerPanel.cpp */,
				62A4733E6DD24DE0D47F2CD0 /* ofxControlOscManagerPanel.h */,
				269154488EC9D81500954456 /* ofxControlPanel.cpp */,
				E170B79EF66537D65E1AEC1D /* ofxControlPanel.h */,
				AE7A9C84AD6621E3C2A64A74 /* ofxControlParameter.h */,
				CE9E5EDC08F844DBE73523D0 /* ofxControlRangeSlider.cpp */,
				A4000B8368891301277E57D7 /* ofxControlRangeSlider.h */,
				22351BDC1BF11AD2C7514AAB /* ofxControlSequence.cpp */,
				9482BA25298C3DCFDA00FBFA /* ofxControlSequence.h */,
				8208285D2C9338E091E97F1F /* ofxControlSequencer.cpp */,
				D74EE72DB86D80070F7849AB /* ofxControlSequencer.h */,
				4167F127380B0C1F252B7FFC /* ofxControlSlider.cpp */,
				BD3009DA85F81B966EF0D008 /* ofxControlSlider.h */,
				AB18FF4B8A5160F1AE00A25F /* ofxControlTextBox.cpp */,
				A984A0B78CEFDA3DA2013FEC /* ofxControlTextBox.h */,
				662F7D0ED9FDC77CAEF95D23 /* ofxControlTouchOSC.cpp */,
				A0BC68C6C5BA4AD81E1343E4 /* ofxControlTouchOSC.h */,
				F19D5ADDB295206E2D11D022 /* ofxControlWidget.cpp */,
				D0D36A2F928EA0616E0B627E /* ofxControlWidget.h */,
				564E48B1C3AACE6F032AA909 /* ofxControlWidgetSelector.cpp */,
				20C5D4414D9A9E6135835F45 /* ofxControlWidgetSelector.h */,
			);
			name = src;
			sourceTree = "<group>";
		};
		641362CA659FAFEE4E81001B /* posix */ = {
			isa = PBXGroup;
			children = (
				3B361208CD4107E479F04E7B /* NetworkingUtils.cpp */,
				E6DEF695B88BA5FAACEAA937 /* UdpSocket.cpp */,
			);
			name = posix;
			sourceTree = "<group>";
		};
		6948EE371B920CB800B5AC1A /* local_addons */ = {
			isa = PBXGroup;
			children = (
			);
			name = local_addons;
			sourceTree = "<group>";
		};
		86D2677079A3AF4A5A88E29A /* oscpack */ = {
			isa = PBXGroup;
			children = (
				D27B2221A225CA523C019676 /* src */,
			);
			name = oscpack;
			sourceTree = "<group>";
		};
		BB4B014C10F69532006C3DED /* addons */ = {
			isa = PBXGroup;
			children = (
				2BD862020B7783ABB823FBFF /* ofxAbletonLive */,
				157A2C65AD89F30A11EAE48C /* ofxControl */,
				E6053AB7FEC63D5F83825B88 /* ofxOsc */,
			);
			name = addons;
			sourceTree = "<group>";
		};
		BD2F1A9F8D0C05EDB29122D0 /* src */ = {
			isa = PBXGroup;
			children = (
				00D6D32B84B099226431108C /* ofxOsc.h */,
				7689F8A0F3D0B7635A8C3104 /* ofxOscArg.h */,
				65EEFA3DA3526E9CDD9C21F9 /* ofxOscBundle.cpp */,
				8B30E93FD3D3475EED522A0E /* ofxOscBundle.h */,
				DF49D76C45D5DB505A234880 /* ofxOscMessage.cpp */,
				C58862C6D212C8E8A83810F4 /* ofxOscMessage.h */,
				0AED834CE4DEC5260AF302A2 /* ofxOscParameterSync.cpp */,
				B31C608870ECEB2490A93736 /* ofxOscParameterSync.h */,
				C2FAC65C491D4231379F3298 /* ofxOscReceiver.cpp */,
				8C75AFC8774A62495DD53464 /* ofxOscReceiver.h */,
				81967292BFC87A0144BD32C6 /* ofxOscSender.cpp */,
				9F7986DC4EB05E75FCE2C777 /* ofxOscSender.h */,
			);
			name = src;
			sourceTree = "<group>";
		};
		D27B2221A225CA523C019676 /* src */ = {
			isa = PBXGroup;
			children = (
				FF8CDF57858E9B94E3237115 /* ip */,
				30CB364908817057B430D528 /* osc */,
			);
			name = src;
			sourceTree = "<group>";
		};
		E4328144138ABC890047C5CB /* Products */ = {
			isa = PBXGroup;
			children = (
				E4328148138ABC890047C5CB /* openFrameworksDebug.a */,
			);
			name = Products;
			sourceTree = "<group>";
		};
		E4B69B4A0A3A1720003C02F2 = {
			isa = PBXGroup;
			children = (
				E4B6FCAD0C3E899E008CF71C /* openFrameworks-Info.plist */,
				E4EB6923138AFD0F00A09F29 /* Project.xcconfig */,
				E4B69E1C0A3A1BDC003C02F2 /* src */,
				E4EEC9E9138DF44700A80321 /* openFrameworks */,
				BB4B014C10F69532006C3DED /* addons */,
				6948EE371B920CB800B5AC1A /* local_addons */,
				E4B69B5B0A3A1756003C02F2 /* Wekinator_AbletonDebug.app */,
			);
			sourceTree = "<group>";
		};
		E4B69E1C0A3A1BDC003C02F2 /* src */ = {
			isa = PBXGroup;
			children = (
				E4B69E1D0A3A1BDC003C02F2 /* main.cpp */,
				E4B69E1E0A3A1BDC003C02F2 /* ofApp.cpp */,
				E4B69E1F0A3A1BDC003C02F2 /* ofApp.h */,
				B06786CE1C68D2BF00E65F61 /* AbletonGui.cpp */,
				B06786CF1C68D2BF00E65F61 /* AbletonGui.h */,
			);
			path = src;
			sourceTree = SOURCE_ROOT;
		};
		E4EEC9E9138DF44700A80321 /* openFrameworks */ = {
			isa = PBXGroup;
			children = (
				E4EB691F138AFCF100A09F29 /* CoreOF.xcconfig */,
				E4328143138ABC890047C5CB /* openFrameworksLib.xcodeproj */,
			);
			name = openFrameworks;
			sourceTree = "<group>";
		};
		E6053AB7FEC63D5F83825B88 /* ofxOsc */ = {
			isa = PBXGroup;
			children = (
				BD2F1A9F8D0C05EDB29122D0 /* src */,
				38871A5825686AE018EC2BF0 /* libs */,
			);
			name = ofxOsc;
			sourceTree = "<group>";
		};
		E87BD67B460D2097E01AC90C /* src */ = {
			isa = PBXGroup;
			children = (
				CCF2FE3A419A16F9D3A806C7 /* ofxAbletonLive.cpp */,
				A548FC9BBD1FE79423CA0BB5 /* ofxAbletonLive.h */,
				40C841E81178E7BEFAAE9ABF /* ofxAbletonLiveClip.cpp */,
				11E50F822796D779D4A929A1 /* ofxAbletonLiveClip.h */,
				91CD45D371ED66231137B49D /* ofxAbletonLiveDevice.cpp */,
				8640920AA64808966334CA35 /* ofxAbletonLiveDevice.h */,
				9DD2FE140F3D43E877CBBAAF /* ofxAbletonLiveParameter.cpp */,
				4023D5F5704820DA0283E7E2 /* ofxAbletonLiveParameter.h */,
				B0AE19B54624EA5DED3AF70A /* ofxAbletonLiveTrack.cpp */,
				76D683B07B9E2460C787BDA9 /* ofxAbletonLiveTrack.h */,
			);
			name = src;
			sourceTree = "<group>";
		};
		FF8CDF57858E9B94E3237115 /* ip */ = {
			isa = PBXGroup;
			children = (
				ADD194746185E2DA11468377 /* IpEndpointName.cpp */,
				48974F980F51769171D0B2F5 /* IpEndpointName.h */,
				F7FBC56859535E597B24BB91 /* NetworkingUtils.h */,
				23640F57DF6C4BB6BFC5DA4C /* PacketListener.h */,
				641362CA659FAFEE4E81001B /* posix */,
				444657A12E59D0ED86981498 /* TimerListener.h */,
				2FD4B0329909D3527F003494 /* UdpSocket.h */,
			);
			name = ip;
			sourceTree = "<group>";
		};
/* End PBXGroup section */

/* Begin PBXNativeTarget section */
		E4B69B5A0A3A1756003C02F2 /* Wekinator_Ableton */ = {
			isa = PBXNativeTarget;
			buildConfigurationList = E4B69B5F0A3A1757003C02F2 /* Build configuration list for PBXNativeTarget "Wekinator_Ableton" */;
			buildPhases = (
				E4B69B580A3A1756003C02F2 /* Sources */,
				E4B69B590A3A1756003C02F2 /* Frameworks */,
				E4B6FFFD0C3F9AB9008CF71C /* ShellScript */,
				E4C2427710CC5ABF004149E2 /* CopyFiles */,
			);
			buildRules = (
			);
			dependencies = (
				E4EEB9AC138B136A00A80321 /* PBXTargetDependency */,
			);
			name = Wekinator_Ableton;
			productName = myOFApp;
			productReference = E4B69B5B0A3A1756003C02F2 /* Wekinator_AbletonDebug.app */;
			productType = "com.apple.product-type.application";
		};
/* End PBXNativeTarget section */

/* Begin PBXProject section */
		E4B69B4C0A3A1720003C02F2 /* Project object */ = {
			isa = PBXProject;
			attributes = {
				LastUpgradeCheck = 0600;
			};
			buildConfigurationList = E4B69B4D0A3A1720003C02F2 /* Build configuration list for PBXProject "Wekinator_Ableton" */;
			compatibilityVersion = "Xcode 3.2";
			developmentRegion = English;
			hasScannedForEncodings = 0;
			knownRegions = (
				English,
				Japanese,
				French,
				German,
			);
			mainGroup = E4B69B4A0A3A1720003C02F2;
			productRefGroup = E4B69B4A0A3A1720003C02F2;
			projectDirPath = "";
			projectReferences = (
				{
					ProductGroup = E4328144138ABC890047C5CB /* Products */;
					ProjectRef = E4328143138ABC890047C5CB /* openFrameworksLib.xcodeproj */;
				},
			);
			projectRoot = "";
			targets = (
				E4B69B5A0A3A1756003C02F2 /* Wekinator_Ableton */,
			);
		};
/* End PBXProject section */

/* Begin PBXReferenceProxy section */
		E4328148138ABC890047C5CB /* openFrameworksDebug.a */ = {
			isa = PBXReferenceProxy;
			fileType = archive.ar;
			path = openFrameworksDebug.a;
			remoteRef = E4328147138ABC890047C5CB /* PBXContainerItemProxy */;
			sourceTree = BUILT_PRODUCTS_DIR;
		};
/* End PBXReferenceProxy section */

/* Begin PBXShellScriptBuildPhase section */
		E4B6FFFD0C3F9AB9008CF71C /* ShellScript */ = {
			isa = PBXShellScriptBuildPhase;
			buildActionMask = 2147483647;
			files = (
			);
			inputPaths = (
			);
			outputPaths = (
			);
			runOnlyForDeploymentPostprocessing = 0;
			shellPath = /bin/sh;
			shellScript = "rsync -aved ../../../libs/fmodex/lib/osx/libfmodex.dylib \"$TARGET_BUILD_DIR/$PRODUCT_NAME.app/Contents/MacOS/\"; install_name_tool -change ./libfmodex.dylib @executable_path/libfmodex.dylib \"$TARGET_BUILD_DIR/$PRODUCT_NAME.app/Contents/MacOS/$PRODUCT_NAME\";\nmkdir -p \"$TARGET_BUILD_DIR/$PRODUCT_NAME.app/Contents/Resources/\"\nrsync -aved \"$ICON_FILE\" \"$TARGET_BUILD_DIR/$PRODUCT_NAME.app/Contents/Resources/\"\nrsync -aved ../../../libs/glut/lib/osx/GLUT.framework \"$TARGET_BUILD_DIR/$PRODUCT_NAME.app/Contents/Frameworks/\"\n";
		};
/* End PBXShellScriptBuildPhase section */

/* Begin PBXSourcesBuildPhase section */
		E4B69B580A3A1756003C02F2 /* Sources */ = {
			isa = PBXSourcesBuildPhase;
			buildActionMask = 2147483647;
			files = (
				E4B69E200A3A1BDC003C02F2 /* main.cpp in Sources */,
				E4B69E210A3A1BDC003C02F2 /* ofApp.cpp in Sources */,
				38B71BBB0749BF5FBB132556 /* ofxAbletonLive.cpp in Sources */,
				9BBDD8855741076B5783D568 /* ofxAbletonLiveClip.cpp in Sources */,
				AFFB17AA4F2B45440FD9E280 /* ofxAbletonLiveDevice.cpp in Sources */,
				DB155A1A19A59BAF33B8C189 /* ofxAbletonLiveParameter.cpp in Sources */,
				547B74FF3416E79DAD062B3E /* ofxAbletonLiveTrack.cpp in Sources */,
				7E0D2586B97EF28DB0017DB3 /* Base64.cpp in Sources */,
				FF7BA513209CDD286F654554 /* ofxControl2dPad.cpp in Sources */,
				F1440B2964FFEB3D7AC16B22 /* ofxControlBase.cpp in Sources */,
				C3FEF526228167DB279C9FF5 /* ofxControlBpm.cpp in Sources */,
				C597C10C7D9050F80877DD20 /* ofxControlButton.cpp in Sources */,
				5E4226BDBF92E688E1485262 /* ofxControlColor.cpp in Sources */,
				83DE18C337910BECFBAF93EC /* ofxControlElement.cpp in Sources */,
				8214BBF315F3FE8E7AA53A09 /* ofxControlMenu.cpp in Sources */,
				ADEF2710D82C61E7575D77D6 /* ofxControlMidiSequencer.cpp in Sources */,
				95EA8D90BEDFB3F392C5FC19 /* ofxControlMultiElement.cpp in Sources */,
				D05B2602C55B08AC8246D30B /* ofxControlMultiRangeSlider.cpp in Sources */,
				3480F2593A7D2D1185A58BD2 /* ofxControlMultiSlider.cpp in Sources */,
				B105619F131F2CBAAD643A04 /* ofxControlOscManager.cpp in Sources */,
				87EF2AD666DD3859D3EAC437 /* ofxControlOscManagerPanel.cpp in Sources */,
				17702BA79B8951D3E67D731E /* ofxControlPanel.cpp in Sources */,
				FA337D41E6D268A025CF8F87 /* ofxControlRangeSlider.cpp in Sources */,
				54D2AFE4CAB9E9987184B8CB /* ofxControlSequence.cpp in Sources */,
				5B19D7CDA0DA2D6E32C98BFB /* ofxControlSequencer.cpp in Sources */,
				CF73E623A0339945CEE95761 /* ofxControlSlider.cpp in Sources */,
				7AD6D29D26362072A946396B /* ofxControlTextBox.cpp in Sources */,
				65409860C43A30769CCA1948 /* ofxControlTouchOSC.cpp in Sources */,
				2441ABB8D077D1710B674B6B /* ofxControlWidget.cpp in Sources */,
				C63E3138C0C0B49FE26B6DC2 /* ofxControlWidgetSelector.cpp in Sources */,
				72A929D3561B8232A182ABFC /* ofxOscBundle.cpp in Sources */,
				5864AD82E20F15536D054EA3 /* ofxOscMessage.cpp in Sources */,
				4ADB88E2FB52E76A471065DE /* ofxOscParameterSync.cpp in Sources */,
				640279EE111671BD026CB013 /* ofxOscReceiver.cpp in Sources */,
				8F5205AEF8861EF234F0651A /* ofxOscSender.cpp in Sources */,
				ADE367465D2A8EBAD4C7A8D9 /* IpEndpointName.cpp in Sources */,
				67FE4C7B15C2F0478C8126C2 /* NetworkingUtils.cpp in Sources */,
				510CAFE035E576A4E1502D52 /* UdpSocket.cpp in Sources */,
				B06786D01C68D2BF00E65F61 /* AbletonGui.cpp in Sources */,
				62545D179C94265CA1389D4A /* OscOutboundPacketStream.cpp in Sources */,
				C4782ECC372420ACE0615B74 /* OscPrintReceivedElements.cpp in Sources */,
				0546D1A38E13BD319CC9755B /* OscReceivedElements.cpp in Sources */,
				879A251454401BC0B6E4F238 /* OscTypes.cpp in Sources */,
			);
			runOnlyForDeploymentPostprocessing = 0;
		};
/* End PBXSourcesBuildPhase section */

/* Begin PBXTargetDependency section */
		E4EEB9AC138B136A00A80321 /* PBXTargetDependency */ = {
			isa = PBXTargetDependency;
			name = openFrameworks;
			targetProxy = E4EEB9AB138B136A00A80321 /* PBXContainerItemProxy */;
		};
/* End PBXTargetDependency section */

/* Begin XCBuildConfiguration section */
		E4B69B4E0A3A1720003C02F2 /* Debug */ = {
			isa = XCBuildConfiguration;
			baseConfigurationReference = E4EB6923138AFD0F00A09F29 /* Project.xcconfig */;
			buildSettings = {
				CONFIGURATION_BUILD_DIR = "$(SRCROOT)/bin/";
				COPY_PHASE_STRIP = NO;
				DEAD_CODE_STRIPPING = YES;
				GCC_AUTO_VECTORIZATION = YES;
				GCC_ENABLE_SSE3_EXTENSIONS = YES;
				GCC_ENABLE_SUPPLEMENTAL_SSE3_INSTRUCTIONS = YES;
				GCC_INLINES_ARE_PRIVATE_EXTERN = NO;
				GCC_OPTIMIZATION_LEVEL = 0;
				GCC_SYMBOLS_PRIVATE_EXTERN = NO;
				GCC_WARN_ABOUT_DEPRECATED_FUNCTIONS = YES;
				GCC_WARN_ABOUT_INVALID_OFFSETOF_MACRO = NO;
				GCC_WARN_ALLOW_INCOMPLETE_PROTOCOL = NO;
				GCC_WARN_UNINITIALIZED_AUTOS = NO;
				GCC_WARN_UNUSED_VALUE = NO;
				GCC_WARN_UNUSED_VARIABLE = NO;
				HEADER_SEARCH_PATHS = (
					"$(OF_CORE_HEADERS)",
					../../../addons/ofxAbletonLive/src,
					../../../addons/ofxControl/src,
					../../../addons/ofxOsc/libs,
					../../../addons/ofxOsc/libs/oscpack,
					../../../addons/ofxOsc/libs/oscpack/src,
					../../../addons/ofxOsc/libs/oscpack/src/ip,
					../../../addons/ofxOsc/libs/oscpack/src/ip/posix,
					../../../addons/ofxOsc/libs/oscpack/src/ip/win32,
					../../../addons/ofxOsc/libs/oscpack/src/osc,
					../../../addons/ofxOsc/src,
				);
				MACOSX_DEPLOYMENT_TARGET = 10.8;
				ONLY_ACTIVE_ARCH = YES;
				OTHER_CPLUSPLUSFLAGS = (
					"-D__MACOSX_CORE__",
					"-mtune=native",
				);
				SDKROOT = macosx;
			};
			name = Debug;
		};
		E4B69B4F0A3A1720003C02F2 /* Release */ = {
			isa = XCBuildConfiguration;
			baseConfigurationReference = E4EB6923138AFD0F00A09F29 /* Project.xcconfig */;
			buildSettings = {
				CONFIGURATION_BUILD_DIR = "$(SRCROOT)/bin/";
				COPY_PHASE_STRIP = YES;
				DEAD_CODE_STRIPPING = YES;
				GCC_AUTO_VECTORIZATION = YES;
				GCC_ENABLE_SSE3_EXTENSIONS = YES;
				GCC_ENABLE_SUPPLEMENTAL_SSE3_INSTRUCTIONS = YES;
				GCC_INLINES_ARE_PRIVATE_EXTERN = NO;
				GCC_OPTIMIZATION_LEVEL = 3;
				GCC_SYMBOLS_PRIVATE_EXTERN = NO;
				GCC_UNROLL_LOOPS = YES;
				GCC_WARN_ABOUT_DEPRECATED_FUNCTIONS = YES;
				GCC_WARN_ABOUT_INVALID_OFFSETOF_MACRO = NO;
				GCC_WARN_ALLOW_INCOMPLETE_PROTOCOL = NO;
				GCC_WARN_UNINITIALIZED_AUTOS = NO;
				GCC_WARN_UNUSED_VALUE = NO;
				GCC_WARN_UNUSED_VARIABLE = NO;
				HEADER_SEARCH_PATHS = (
					"$(OF_CORE_HEADERS)",
					../../../addons/ofxAbletonLive/src,
					../../../addons/ofxControl/src,
					../../../addons/ofxOsc/libs,
					../../../addons/ofxOsc/libs/oscpack,
					../../../addons/ofxOsc/libs/oscpack/src,
					../../../addons/ofxOsc/libs/oscpack/src/ip,
					../../../addons/ofxOsc/libs/oscpack/src/ip/posix,
					../../../addons/ofxOsc/libs/oscpack/src/ip/win32,
					../../../addons/ofxOsc/libs/oscpack/src/osc,
					../../../addons/ofxOsc/src,
				);
				MACOSX_DEPLOYMENT_TARGET = 10.8;
				OTHER_CPLUSPLUSFLAGS = (
					"-D__MACOSX_CORE__",
					"-mtune=native",
				);
				SDKROOT = macosx;
			};
			name = Release;
		};
		E4B69B600A3A1757003C02F2 /* Debug */ = {
			isa = XCBuildConfiguration;
			baseConfigurationReference = E4EB6923138AFD0F00A09F29 /* Project.xcconfig */;
			buildSettings = {
				COMBINE_HIDPI_IMAGES = YES;
				COPY_PHASE_STRIP = NO;
				FRAMEWORK_SEARCH_PATHS = (
					"$(inherited)",
					"$(FRAMEWORK_SEARCH_PATHS_QUOTED_FOR_TARGET_1)",
				);
				FRAMEWORK_SEARCH_PATHS_QUOTED_FOR_TARGET_1 = "\"$(SRCROOT)/../../../libs/glut/lib/osx\"";
				GCC_DYNAMIC_NO_PIC = NO;
				GCC_GENERATE_DEBUGGING_SYMBOLS = YES;
				GCC_MODEL_TUNING = NONE;
				HEADER_SEARCH_PATHS = (
					"$(OF_CORE_HEADERS)",
					../../../addons/ofxAbletonLive/src,
					../../../addons/ofxControl/src,
					../../../addons/ofxOsc/libs,
					../../../addons/ofxOsc/libs/oscpack,
					../../../addons/ofxOsc/libs/oscpack/src,
					../../../addons/ofxOsc/libs/oscpack/src/ip,
					../../../addons/ofxOsc/libs/oscpack/src/ip/posix,
					../../../addons/ofxOsc/libs/oscpack/src/ip/win32,
					../../../addons/ofxOsc/libs/oscpack/src/osc,
					../../../addons/ofxOsc/src,
				);
				ICON = "$(ICON_NAME_DEBUG)";
				ICON_FILE = "$(ICON_FILE_PATH)$(ICON)";
				INFOPLIST_FILE = "openFrameworks-Info.plist";
				INSTALL_PATH = "$(HOME)/Applications";
				LIBRARY_SEARCH_PATHS = "$(inherited)";
				PRODUCT_NAME = "$(TARGET_NAME)Debug";
				WRAPPER_EXTENSION = app;
			};
			name = Debug;
		};
		E4B69B610A3A1757003C02F2 /* Release */ = {
			isa = XCBuildConfiguration;
			baseConfigurationReference = E4EB6923138AFD0F00A09F29 /* Project.xcconfig */;
			buildSettings = {
				COMBINE_HIDPI_IMAGES = YES;
				COPY_PHASE_STRIP = YES;
				FRAMEWORK_SEARCH_PATHS = (
					"$(inherited)",
					"$(FRAMEWORK_SEARCH_PATHS_QUOTED_FOR_TARGET_1)",
				);
				FRAMEWORK_SEARCH_PATHS_QUOTED_FOR_TARGET_1 = "\"$(SRCROOT)/../../../libs/glut/lib/osx\"";
				GCC_GENERATE_DEBUGGING_SYMBOLS = YES;
				GCC_MODEL_TUNING = NONE;
				HEADER_SEARCH_PATHS = (
					"$(OF_CORE_HEADERS)",
					../../../addons/ofxAbletonLive/src,
					../../../addons/ofxControl/src,
					../../../addons/ofxOsc/libs,
					../../../addons/ofxOsc/libs/oscpack,
					../../../addons/ofxOsc/libs/oscpack/src,
					../../../addons/ofxOsc/libs/oscpack/src/ip,
					../../../addons/ofxOsc/libs/oscpack/src/ip/posix,
					../../../addons/ofxOsc/libs/oscpack/src/ip/win32,
					../../../addons/ofxOsc/libs/oscpack/src/osc,
					../../../addons/ofxOsc/src,
				);
				ICON = "$(ICON_NAME_RELEASE)";
				ICON_FILE = "$(ICON_FILE_PATH)$(ICON)";
				INFOPLIST_FILE = "openFrameworks-Info.plist";
				INSTALL_PATH = "$(HOME)/Applications";
				LIBRARY_SEARCH_PATHS = "$(inherited)";
				PRODUCT_NAME = "$(TARGET_NAME)";
				WRAPPER_EXTENSION = app;
				baseConfigurationReference = E4EB6923138AFD0F00A09F29;
			};
			name = Release;
		};
/* End XCBuildConfiguration section */

/* Begin XCConfigurationList section */
		E4B69B4D0A3A1720003C02F2 /* Build configuration list for PBXProject "Wekinator_Ableton" */ = {
			isa = XCConfigurationList;
			buildConfigurations = (
				E4B69B4E0A3A1720003C02F2 /* Debug */,
				E4B69B4F0A3A1720003C02F2 /* Release */,
			);
			defaultConfigurationIsVisible = 0;
			defaultConfigurationName = Release;
		};
		E4B69B5F0A3A1757003C02F2 /* Build configuration list for PBXNativeTarget "Wekinator_Ableton" */ = {
			isa = XCConfigurationList;
			buildConfigurations = (
				E4B69B600A3A1757003C02F2 /* Debug */,
				E4B69B610A3A1757003C02F2 /* Release */,
			);
			defaultConfigurationIsVisible = 0;
			defaultConfigurationName = Release;
		};
/* End XCConfigurationList section */
	};
	rootObject = E4B69B4C0A3A1720003C02F2 /* Project object */;
}
